
Microsoft Visual Studio Solution File, Format Version 12.00
# Visual Studio Version 17
VisualStudioVersion = 17.12.35707.178
MinimumVisualStudioVersion = 10.0.40219.1
Project("{2150E333-8FDC-42A3-9474-1A3956D46DE8}") = "src", "src", "{B868CE35-E929-4D90-B1CF-4C06A1F81695}"
EndProject
Project("{FAE04EC0-301F-11D3-BF4B-00C04F79EFBC}") = "RotasViagem.Domain", "src\RotasViagem.Domain\RotasViagem.Domain.csproj", "{3DF2222C-A8B7-49B6-B309-87852461853C}"
EndProject
Project("{FAE04EC0-301F-11D3-BF4B-00C04F79EFBC}") = "RotasViagem.Infra", "src\RotasViagem.Infra\RotasViagem.Infra.csproj", "{F8734922-448B-4349-BE72-74583581CD80}"
EndProject
Project("{FAE04EC0-301F-11D3-BF4B-00C04F79EFBC}") = "RotasViagem.Services", "src\RotasViagem.Services\RotasViagem.Services.csproj", "{3EF880D6-A4A7-4B4C-BD3A-059D7777326B}"
EndProject
Project("{FAE04EC0-301F-11D3-BF4B-00C04F79EFBC}") = "RotasViagem.Aplication", "src\RotasViagem.Aplication\RotasViagem.Aplication.csproj", "{9CDCF0F9-6104-4D1E-9AFE-D5B5FFDE078E}"
EndProject
Global
	GlobalSection(SolutionConfigurationPlatforms) = preSolution
		Debug|Any CPU = Debug|Any CPU
		Release|Any CPU = Release|Any CPU
	EndGlobalSection
	GlobalSection(ProjectConfigurationPlatforms) = postSolution
		{3DF2222C-A8B7-49B6-B309-87852461853C}.Debug|Any CPU.ActiveCfg = Debug|Any CPU
		{3DF2222C-A8B7-49B6-B309-87852461853C}.Debug|Any CPU.Build.0 = Debug|Any CPU
		{3DF2222C-A8B7-49B6-B309-87852461853C}.Release|Any CPU.ActiveCfg = Release|Any CPU
		{3DF2222C-A8B7-49B6-B309-87852461853C}.Release|Any CPU.Build.0 = Release|Any CPU
		{F8734922-448B-4349-BE72-74583581CD80}.Debug|Any CPU.ActiveCfg = Debug|Any CPU
		{F8734922-448B-4349-BE72-74583581CD80}.Debug|Any CPU.Build.0 = Debug|Any CPU
		{F8734922-448B-4349-BE72-74583581CD80}.Release|Any CPU.ActiveCfg = Release|Any CPU
		{F8734922-448B-4349-BE72-74583581CD80}.Release|Any CPU.Build.0 = Release|Any CPU
		{3EF880D6-A4A7-4B4C-BD3A-059D7777326B}.Debug|Any CPU.ActiveCfg = Debug|Any CPU
		{3EF880D6-A4A7-4B4C-BD3A-059D7777326B}.Debug|Any CPU.Build.0 = Debug|Any CPU
		{3EF880D6-A4A7-4B4C-BD3A-059D7777326B}.Release|Any CPU.ActiveCfg = Release|Any CPU
		{3EF880D6-A4A7-4B4C-BD3A-059D7777326B}.Release|Any CPU.Build.0 = Release|Any CPU
		{9CDCF0F9-6104-4D1E-9AFE-D5B5FFDE078E}.Debug|Any CPU.ActiveCfg = Debug|Any CPU
		{9CDCF0F9-6104-4D1E-9AFE-D5B5FFDE078E}.Debug|Any CPU.Build.0 = Debug|Any CPU
		{9CDCF0F9-6104-4D1E-9AFE-D5B5FFDE078E}.Release|Any CPU.ActiveCfg = Release|Any CPU
		{9CDCF0F9-6104-4D1E-9AFE-D5B5FFDE078E}.Release|Any CPU.Build.0 = Release|Any CPU
	EndGlobalSection
	GlobalSection(SolutionProperties) = preSolution
		HideSolutionNode = FALSE
	EndGlobalSection
	GlobalSection(NestedProjects) = preSolution
		{3DF2222C-A8B7-49B6-B309-87852461853C} = {B868CE35-E929-4D90-B1CF-4C06A1F81695}
		{F8734922-448B-4349-BE72-74583581CD80} = {B868CE35-E929-4D90-B1CF-4C06A1F81695}
		{3EF880D6-A4A7-4B4C-BD3A-059D7777326B} = {B868CE35-E929-4D90-B1CF-4C06A1F81695}
		{9CDCF0F9-6104-4D1E-9AFE-D5B5FFDE078E} = {B868CE35-E929-4D90-B1CF-4C06A1F81695}
	EndGlobalSection
	GlobalSection(ExtensibilityGlobals) = postSolution
		SolutionGuid = {0ED28BCC-38B1-4616-94C9-13F3DC111A8A}
	EndGlobalSection
EndGlobal
